{
  "version": 4,
  "terraform_version": "1.14.5",
  "serial": 16,
  "lineage": "bca85d34-df93-bf1c-7f6d-6859cb0ca9f4",
  "outputs": {
    "jenkins_public_ip": {
      "value": "20.89.52.40",
      "type": "string"
    }
  },
  "resources": [
    {
      "mode": "managed",
      "type": "azurerm_linux_virtual_machine",
      "name": "jenkins_vm",
      "provider": "provider[\"registry.terraform.io/hashicorp/azurerm\"]",
      "instances": [
        {
          "schema_version": 0,
          "attributes": {
            "additional_capabilities": [],
            "admin_password": null,
            "admin_ssh_key": [
              {
                "public_key": "ssh-rsa AAAAB3NzaC1yc2EAAAADAQABAAACAQCi4kAQEwgOs36zpnumNvy8+zmeYfKs53ttuvzDrYBCnGhN2CU/A7TbbFe3YgvO34I6TWlCZYTAPczd8OB3njnaz+IcyeGwjn0t3bT+Uy4Z9OutoC+QH0i+2Q5M5/6UC5xw7gZfvXhfAi7xn4l94omYpagjXxYSYCvlXtHdTDLx03R12quIf1RaAIHZ2eyL25VBBdQMWqv2MU/lUg7sPtDqFokd3OpOu2cpNlJ66Ictq3LexyOUYe0nXcfL0hsHwm+BUavT9rvKStvzW3a98O7dOp2wNNGbBp769oaN9FvSALi7N5AxaExo2/9Ok74aJCi2g13JS9MuzUGalXVskz1H2sDz59HOh2+wBXNYtvz5aa/THBEZ7uVa5MmKB5AZiBWrx7vQbn2LqAiQ1sEehdsZ0xo3mOlTI11z+jIC3g4QzG1I8hl0eCVbuIPy898FB79iRmlr8B0P1s0dzNdnBPAlaR+tdXm4ikyBBLn2DKqz0Nq7vGP7UXRMcM3G0DnglXwJ5NBdW2JaE0KBver/ZcDlQJ4pH0IVOftXrsQZpcQn4ep20ONhe2v2N/07TvlVlYuIMNLJT4fWTBb3s+ry7PgIHG0dqlrjg5fbXyiLX0S4hoYrdLtV5nvGgO7b8UjWKnohg8qZnWR/9L/21V/X5VTe5mcHVQ7mvDLyRDyRBNhqzw== kienvo@DESKTOP-44P1PDA\n",
                "username": "azureuser"
              }
            ],
            "admin_username": "azureuser",
            "allow_extension_operations": true,
            "availability_set_id": "",
            "boot_diagnostics": [],
            "bypass_platform_safety_checks_on_user_schedule_enabled": false,
            "capacity_reservation_group_id": "",
            "computer_name": "jenkins-server",
            "custom_data": null,
            "dedicated_host_group_id": "",
            "dedicated_host_id": "",
            "disable_password_authentication": true,
            "disk_controller_type": "",
            "edge_zone": "",
            "encryption_at_host_enabled": false,
            "eviction_policy": "",
            "extensions_time_budget": "PT1H30M",
            "gallery_application": [],
            "id": "/subscriptions/6bd19f86-6603-44cb-bb77-e1f2427fbcdd/resourceGroups/Jenkins-DevOps-RG/providers/Microsoft.Compute/virtualMachines/jenkins-server",
            "identity": [],
            "license_type": "",
            "location": "japaneast",
            "max_bid_price": -1,
            "name": "jenkins-server",
            "network_interface_ids": [
              "/subscriptions/6bd19f86-6603-44cb-bb77-e1f2427fbcdd/resourceGroups/Jenkins-DevOps-RG/providers/Microsoft.Network/networkInterfaces/jenkins-nic"
            ],
            "os_disk": [
              {
                "caching": "ReadWrite",
                "diff_disk_settings": [],
                "disk_encryption_set_id": "",
                "disk_size_gb": 30,
                "name": "jenkins-server_OsDisk_1_f46f4269665441c883e0e0a3c680bcf3",
                "secure_vm_disk_encryption_set_id": "",
                "security_encryption_type": "",
                "storage_account_type": "Standard_LRS",
                "write_accelerator_enabled": false
              }
            ],
            "os_image_notification": [],
            "patch_assessment_mode": "ImageDefault",
            "patch_mode": "ImageDefault",
            "plan": [],
            "platform_fault_domain": -1,
            "priority": "Regular",
            "private_ip_address": "10.0.1.4",
            "private_ip_addresses": [
              "10.0.1.4"
            ],
            "provision_vm_agent": true,
            "proximity_placement_group_id": "",
            "public_ip_address": "20.89.52.40",
            "public_ip_addresses": [
              "20.89.52.40"
            ],
            "reboot_setting": "",
            "resource_group_name": "Jenkins-DevOps-RG",
            "secret": [],
            "secure_boot_enabled": false,
            "size": "Standard_D2s_v3",
            "source_image_id": "",
            "source_image_reference": [
              {
                "offer": "0001-com-ubuntu-server-jammy",
                "publisher": "Canonical",
                "sku": "22_04-lts",
                "version": "latest"
              }
            ],
            "tags": null,
            "termination_notification": null,
            "timeouts": null,
            "user_data": "",
            "virtual_machine_id": "d27a8507-c851-4ca3-96ca-358452962446",
            "virtual_machine_scale_set_id": "",
            "vm_agent_platform_updates_enabled": false,
            "vtpm_enabled": false,
            "zone": ""
          },
          "sensitive_attributes": [
            [
              {
                "type": "get_attr",
                "value": "admin_password"
              }
            ],
            [
              {
                "type": "get_attr",
                "value": "custom_data"
              }
            ]
          ],
          "identity_schema_version": 0,
          "private": "eyJlMmJmYjczMC1lY2FhLTExZTYtOGY4OC0zNDM2M2JjN2M0YzAiOnsiY3JlYXRlIjoyNzAwMDAwMDAwMDAwLCJkZWxldGUiOjI3MDAwMDAwMDAwMDAsInJlYWQiOjMwMDAwMDAwMDAwMCwidXBkYXRlIjoyNzAwMDAwMDAwMDAwfX0=",
          "dependencies": [
            "azurerm_network_interface.jenkins_nic",
            "azurerm_public_ip.jenkins_pip",
            "azurerm_resource_group.jenkins_rg",
            "azurerm_subnet.jenkins_subnet",
            "azurerm_virtual_network.jenkins_vnet"
          ]
        }
      ]
    },
    {
      "mode": "managed",
      "type": "azurerm_network_interface",
      "name": "jenkins_nic",
      "provider": "provider[\"registry.terraform.io/hashicorp/azurerm\"]",
      "instances": [
        {
          "schema_version": 0,
          "attributes": {
            "accelerated_networking_enabled": false,
            "applied_dns_servers": [],
            "auxiliary_mode": "",
            "auxiliary_sku": "",
            "dns_servers": [],
            "edge_zone": "",
            "enable_accelerated_networking": false,
            "enable_ip_forwarding": false,
            "id": "/subscriptions/6bd19f86-6603-44cb-bb77-e1f2427fbcdd/resourceGroups/Jenkins-DevOps-RG/providers/Microsoft.Network/networkInterfaces/jenkins-nic",
            "internal_dns_name_label": "",
            "internal_domain_name_suffix": "tvhzptcazj4eldbx5niafmutdf.lx.internal.cloudapp.net",
            "ip_configuration": [
              {
                "gateway_load_balancer_frontend_ip_configuration_id": "",
                "name": "internal",
                "primary": true,
                "private_ip_address": "10.0.1.4",
                "private_ip_address_allocation": "Dynamic",
                "private_ip_address_version": "IPv4",
                "public_ip_address_id": "/subscriptions/6bd19f86-6603-44cb-bb77-e1f2427fbcdd/resourceGroups/Jenkins-DevOps-RG/providers/Microsoft.Network/publicIPAddresses/jenkins-pip",
                "subnet_id": "/subscriptions/6bd19f86-6603-44cb-bb77-e1f2427fbcdd/resourceGroups/Jenkins-DevOps-RG/providers/Microsoft.Network/virtualNetworks/jenkins-vnet/subnets/jenkins-subnet"
              }
            ],
            "ip_forwarding_enabled": false,
            "location": "japaneast",
            "mac_address": "",
            "name": "jenkins-nic",
            "private_ip_address": "10.0.1.4",
            "private_ip_addresses": [
              "10.0.1.4"
            ],
            "resource_group_name": "Jenkins-DevOps-RG",
            "tags": {},
            "timeouts": null,
            "virtual_machine_id": ""
          },
          "sensitive_attributes": [],
          "identity_schema_version": 0,
          "private": "eyJlMmJmYjczMC1lY2FhLTExZTYtOGY4OC0zNDM2M2JjN2M0YzAiOnsiY3JlYXRlIjoxODAwMDAwMDAwMDAwLCJkZWxldGUiOjE4MDAwMDAwMDAwMDAsInJlYWQiOjMwMDAwMDAwMDAwMCwidXBkYXRlIjoxODAwMDAwMDAwMDAwfX0=",
          "dependencies": [
            "azurerm_public_ip.jenkins_pip",
            "azurerm_resource_group.jenkins_rg",
            "azurerm_subnet.jenkins_subnet",
            "azurerm_virtual_network.jenkins_vnet"
          ]
        }
      ]
    },
    {
      "mode": "managed",
      "type": "azurerm_public_ip",
      "name": "jenkins_pip",
      "provider": "provider[\"registry.terraform.io/hashicorp/azurerm\"]",
      "instances": [
        {
          "schema_version": 0,
          "attributes": {
            "allocation_method": "Static",
            "ddos_protection_mode": "VirtualNetworkInherited",
            "ddos_protection_plan_id": null,
            "domain_name_label": null,
            "edge_zone": "",
            "fqdn": null,
            "id": "/subscriptions/6bd19f86-6603-44cb-bb77-e1f2427fbcdd/resourceGroups/Jenkins-DevOps-RG/providers/Microsoft.Network/publicIPAddresses/jenkins-pip",
            "idle_timeout_in_minutes": 4,
            "ip_address": "20.89.52.40",
            "ip_tags": {},
            "ip_version": "IPv4",
            "location": "japaneast",
            "name": "jenkins-pip",
            "public_ip_prefix_id": null,
            "resource_group_name": "Jenkins-DevOps-RG",
            "reverse_fqdn": null,
            "sku": "Standard",
            "sku_tier": "Regional",
            "tags": {},
            "timeouts": null,
            "zones": []
          },
          "sensitive_attributes": [],
          "identity_schema_version": 0,
          "private": "eyJlMmJmYjczMC1lY2FhLTExZTYtOGY4OC0zNDM2M2JjN2M0YzAiOnsiY3JlYXRlIjoxODAwMDAwMDAwMDAwLCJkZWxldGUiOjE4MDAwMDAwMDAwMDAsInJlYWQiOjMwMDAwMDAwMDAwMCwidXBkYXRlIjoxODAwMDAwMDAwMDAwfX0=",
          "dependencies": [
            "azurerm_resource_group.jenkins_rg"
          ]
        }
      ]
    },
    {
      "mode": "managed",
      "type": "azurerm_resource_group",
      "name": "jenkins_rg",
      "provider": "provider[\"registry.terraform.io/hashicorp/azurerm\"]",
      "instances": [
        {
          "schema_version": 0,
          "attributes": {
            "id": "/subscriptions/6bd19f86-6603-44cb-bb77-e1f2427fbcdd/resourceGroups/Jenkins-DevOps-RG",
            "location": "japaneast",
            "managed_by": "",
            "name": "Jenkins-DevOps-RG",
            "tags": {},
            "timeouts": null
          },
          "sensitive_attributes": [],
          "identity_schema_version": 0,
          "private": "eyJlMmJmYjczMC1lY2FhLTExZTYtOGY4OC0zNDM2M2JjN2M0YzAiOnsiY3JlYXRlIjo1NDAwMDAwMDAwMDAwLCJkZWxldGUiOjU0MDAwMDAwMDAwMDAsInJlYWQiOjMwMDAwMDAwMDAwMCwidXBkYXRlIjo1NDAwMDAwMDAwMDAwfX0="
        }
      ]
    },
    {
      "mode": "managed",
      "type": "azurerm_subnet",
      "name": "jenkins_subnet",
      "provider": "provider[\"registry.terraform.io/hashicorp/azurerm\"]",
      "instances": [
        {
          "schema_version": 0,
          "attributes": {
            "address_prefixes": [
              "10.0.1.0/24"
            ],
            "default_outbound_access_enabled": true,
            "delegation": [],
            "enforce_private_link_endpoint_network_policies": false,
            "enforce_private_link_service_network_policies": false,
            "id": "/subscriptions/6bd19f86-6603-44cb-bb77-e1f2427fbcdd/resourceGroups/Jenkins-DevOps-RG/providers/Microsoft.Network/virtualNetworks/jenkins-vnet/subnets/jenkins-subnet",
            "name": "jenkins-subnet",
            "private_endpoint_network_policies": "Enabled",
            "private_endpoint_network_policies_enabled": true,
            "private_link_service_network_policies_enabled": true,
            "resource_group_name": "Jenkins-DevOps-RG",
            "service_endpoint_policy_ids": [],
            "service_endpoints": [],
            "timeouts": null,
            "virtual_network_name": "jenkins-vnet"
          },
          "sensitive_attributes": [],
          "identity_schema_version": 0,
          "private": "eyJlMmJmYjczMC1lY2FhLTExZTYtOGY4OC0zNDM2M2JjN2M0YzAiOnsiY3JlYXRlIjoxODAwMDAwMDAwMDAwLCJkZWxldGUiOjE4MDAwMDAwMDAwMDAsInJlYWQiOjMwMDAwMDAwMDAwMCwidXBkYXRlIjoxODAwMDAwMDAwMDAwfX0=",
          "dependencies": [
            "azurerm_resource_group.jenkins_rg",
            "azurerm_virtual_network.jenkins_vnet"
          ]
        }
      ]
    },
    {
      "mode": "managed",
      "type": "azurerm_virtual_network",
      "name": "jenkins_vnet",
      "provider": "provider[\"registry.terraform.io/hashicorp/azurerm\"]",
      "instances": [
        {
          "schema_version": 0,
          "attributes": {
            "address_space": [
              "10.0.0.0/16"
            ],
            "bgp_community": "",
            "ddos_protection_plan": [],
            "dns_servers": [],
            "edge_zone": "",
            "encryption": [],
            "flow_timeout_in_minutes": 0,
            "guid": "cc974f9d-ca40-457c-8c37-fb5002b2931d",
            "id": "/subscriptions/6bd19f86-6603-44cb-bb77-e1f2427fbcdd/resourceGroups/Jenkins-DevOps-RG/providers/Microsoft.Network/virtualNetworks/jenkins-vnet",
            "location": "japaneast",
            "name": "jenkins-vnet",
            "resource_group_name": "Jenkins-DevOps-RG",
            "subnet": [
              {
                "address_prefix": "10.0.1.0/24",
                "id": "/subscriptions/6bd19f86-6603-44cb-bb77-e1f2427fbcdd/resourceGroups/Jenkins-DevOps-RG/providers/Microsoft.Network/virtualNetworks/jenkins-vnet/subnets/jenkins-subnet",
                "name": "jenkins-subnet",
                "security_group": ""
              }
            ],
            "tags": {},
            "timeouts": null
          },
          "sensitive_attributes": [],
          "identity_schema_version": 0,
          "private": "eyJlMmJmYjczMC1lY2FhLTExZTYtOGY4OC0zNDM2M2JjN2M0YzAiOnsiY3JlYXRlIjoxODAwMDAwMDAwMDAwLCJkZWxldGUiOjE4MDAwMDAwMDAwMDAsInJlYWQiOjMwMDAwMDAwMDAwMCwidXBkYXRlIjoxODAwMDAwMDAwMDAwfX0=",
          "dependencies": [
            "azurerm_resource_group.jenkins_rg"
          ]
        }
      ]
    }
  ],
  "check_results": null
}
